
Microsoft Visual Studio Solution File, Format Version 12.00
# Visual Studio Version 17
VisualStudioVersion = 17.6.33829.357
MinimumVisualStudioVersion = 10.0.40219.1
Project("{FAE04EC0-301F-11D3-BF4B-00C04F79EFBC}") = "HomeWork9.5", "HomeWork9.5\HomeWork9.5.csproj", "{881DD692-6A92-4ECC-A557-87153F8ECD9F}"
EndProject
Global
	GlobalSection(SolutionConfigurationPlatforms) = preSolution
		Debug|Any CPU = Debug|Any CPU
		Release|Any CPU = Release|Any CPU
	EndGlobalSection
	GlobalSection(ProjectConfigurationPlatforms) = postSolution
		{881DD692-6A92-4ECC-A557-87153F8ECD9F}.Debug|Any CPU.ActiveCfg = Debug|Any CPU
		{881DD692-6A92-4ECC-A557-87153F8ECD9F}.Debug|Any CPU.Build.0 = Debug|Any CPU
		{881DD692-6A92-4ECC-A557-87153F8ECD9F}.Release|Any CPU.ActiveCfg = Release|Any CPU
		{881DD692-6A92-4ECC-A557-87153F8ECD9F}.Release|Any CPU.Build.0 = Release|Any CPU
	EndGlobalSection
	GlobalSection(SolutionProperties) = preSolution
		HideSolutionNode = FALSE
	EndGlobalSection
	GlobalSection(ExtensibilityGlobals) = postSolution
		SolutionGuid = {3C36556E-A392-431F-9FA4-3D7E24D330D7}
	EndGlobalSection
EndGlobal
